
Microsoft Visual Studio Solution File, Format Version 12.00
Project("{FAE04EC0-301F-11D3-BF4B-00C04F79EFBC}") = "aipsychosupport", "aipsychosupport\aipsychosupport.csproj", "{D9DA946C-4F90-4D93-8C91-810F06397DFC}"
EndProject
Global
	GlobalSection(SolutionConfigurationPlatforms) = preSolution
		Debug|Any CPU = Debug|Any CPU
		Release|Any CPU = Release|Any CPU
	EndGlobalSection
	GlobalSection(ProjectConfigurationPlatforms) = postSolution
		{D9DA946C-4F90-4D93-8C91-810F06397DFC}.Debug|Any CPU.ActiveCfg = Debug|Any CPU
		{D9DA946C-4F90-4D93-8C91-810F06397DFC}.Debug|Any CPU.Build.0 = Debug|Any CPU
		{D9DA946C-4F90-4D93-8C91-810F06397DFC}.Release|Any CPU.ActiveCfg = Release|Any CPU
		{D9DA946C-4F90-4D93-8C91-810F06397DFC}.Release|Any CPU.Build.0 = Release|Any CPU
	EndGlobalSection
EndGlobal
